
Microsoft Visual Studio Solution File, Format Version 12.00
# Visual Studio Version 17
VisualStudioVersion = 17.8.34322.80
MinimumVisualStudioVersion = 10.0.40219.1
Project("{FAE04EC0-301F-11D3-BF4B-00C04F79EFBC}") = "FeedbackSystem00016579.Api", "FeedbackSystem00016579.Api\FeedbackSystem00016579.Api.csproj", "{60BB42E8-F1D6-4493-8818-909E988B9768}"
EndProject
Global
	GlobalSection(SolutionConfigurationPlatforms) = preSolution
		Debug|Any CPU = Debug|Any CPU
		Release|Any CPU = Release|Any CPU
	EndGlobalSection
	GlobalSection(ProjectConfigurationPlatforms) = postSolution
		{60BB42E8-F1D6-4493-8818-909E988B9768}.Debug|Any CPU.ActiveCfg = Debug|Any CPU
		{60BB42E8-F1D6-4493-8818-909E988B9768}.Debug|Any CPU.Build.0 = Debug|Any CPU
		{60BB42E8-F1D6-4493-8818-909E988B9768}.Release|Any CPU.ActiveCfg = Release|Any CPU
		{60BB42E8-F1D6-4493-8818-909E988B9768}.Release|Any CPU.Build.0 = Release|Any CPU
	EndGlobalSection
	GlobalSection(SolutionProperties) = preSolution
		HideSolutionNode = FALSE
	EndGlobalSection
	GlobalSection(ExtensibilityGlobals) = postSolution
		SolutionGuid = {E986DA86-DDDE-4BA5-BC72-4EBC6E76BFBC}
	EndGlobalSection
EndGlobal
